// !$*UTF8*$!
{
	archiveVersion = 1;
	classes = {
	};
	objectVersion = 51;
	objects = {

/* Begin PBXBuildFile section */
		247C1E06E981BFED67693C87 /* Pods_Todoey.framework in Frameworks */ = {isa = PBXBuildFile; fileRef = 3B5405E450883A657A6164B9 /* Pods_Todoey.framework */; };
		A02B7D6B2428E3DB004512C3 /* CategoryViewController.swift in Sources */ = {isa = PBXBuildFile; fileRef = A02B7D6A2428E3DB004512C3 /* CategoryViewController.swift */; };
		A03439EB2414B1B400F242D3 /* AppDelegate.swift in Sources */ = {isa = PBXBuildFile; fileRef = A03439EA2414B1B400F242D3 /* AppDelegate.swift */; };
		A03439ED2414B1B400F242D3 /* SceneDelegate.swift in Sources */ = {isa = PBXBuildFile; fileRef = A03439EC2414B1B400F242D3 /* SceneDelegate.swift */; };
		A03439EF2414B1B400F242D3 /* TodoListViewController.swift in Sources */ = {isa = PBXBuildFile; fileRef = A03439EE2414B1B400F242D3 /* TodoListViewController.swift */; };
		A03439F22414B1B400F242D3 /* Main.storyboard in Resources */ = {isa = PBXBuildFile; fileRef = A03439F02414B1B400F242D3 /* Main.storyboard */; };
		A03439F42414B1B600F242D3 /* Assets.xcassets in Resources */ = {isa = PBXBuildFile; fileRef = A03439F32414B1B600F242D3 /* Assets.xcassets */; };
		A03439F72414B1B600F242D3 /* LaunchScreen.storyboard in Resources */ = {isa = PBXBuildFile; fileRef = A03439F52414B1B600F242D3 /* LaunchScreen.storyboard */; };
		A097E0AB2437799B00B17BA5 /* Item.swift in Sources */ = {isa = PBXBuildFile; fileRef = A097E0AA2437799B00B17BA5 /* Item.swift */; };
		A097E0AD243779A500B17BA5 /* Category.swift in Sources */ = {isa = PBXBuildFile; fileRef = A097E0AC243779A500B17BA5 /* Category.swift */; };
/* End PBXBuildFile section */

/* Begin PBXFileReference section */
		3B5405E450883A657A6164B9 /* Pods_Todoey.framework */ = {isa = PBXFileReference; explicitFileType = wrapper.framework; includeInIndex = 0; path = Pods_Todoey.framework; sourceTree = BUILT_PRODUCTS_DIR; };
		4AE337ABBFA898AD09161262 /* Pods-Todoey.release.xcconfig */ = {isa = PBXFileReference; includeInIndex = 1; lastKnownFileType = text.xcconfig; name = "Pods-Todoey.release.xcconfig"; path = "Target Support Files/Pods-Todoey/Pods-Todoey.release.xcconfig"; sourceTree = "<group>"; };
		A02B7D6A2428E3DB004512C3 /* CategoryViewController.swift */ = {isa = PBXFileReference; lastKnownFileType = sourcecode.swift; path = CategoryViewController.swift; sourceTree = "<group>"; };
		A03439E72414B1B400F242D3 /* Todoey.app */ = {isa = PBXFileReference; explicitFileType = wrapper.application; includeInIndex = 0; path = Todoey.app; sourceTree = BUILT_PRODUCTS_DIR; };
		A03439EA2414B1B400F242D3 /* AppDelegate.swift */ = {isa = PBXFileReference; lastKnownFileType = sourcecode.swift; path = AppDelegate.swift; sourceTree = "<group>"; };
		A03439EC2414B1B400F242D3 /* SceneDelegate.swift */ = {isa = PBXFileReference; lastKnownFileType = sourcecode.swift; path = SceneDelegate.swift; sourceTree = "<group>"; };
		A03439EE2414B1B400F242D3 /* TodoListViewController.swift */ = {isa = PBXFileReference; lastKnownFileType = sourcecode.swift; path = TodoListViewController.swift; sourceTree = "<group>"; };
		A03439F12414B1B400F242D3 /* Base */ = {isa = PBXFileReference; lastKnownFileType = file.storyboard; name = Base; path = Base.lproj/Main.storyboard; sourceTree = "<group>"; };
		A03439F32414B1B600F242D3 /* Assets.xcassets */ = {isa = PBXFileReference; lastKnownFileType = folder.assetcatalog; path = Assets.xcassets; sourceTree = "<group>"; };
		A03439F62414B1B600F242D3 /* Base */ = {isa = PBXFileReference; lastKnownFileType = file.storyboard; name = Base; path = Base.lproj/LaunchScreen.storyboard; sourceTree = "<group>"; };
		A03439F82414B1B600F242D3 /* Info.plist */ = {isa = PBXFileReference; lastKnownFileType = text.plist.xml; path = Info.plist; sourceTree = "<group>"; };
		A097E0AA2437799B00B17BA5 /* Item.swift */ = {isa = PBXFileReference; lastKnownFileType = sourcecode.swift; path = Item.swift; sourceTree = "<group>"; };
		A097E0AC243779A500B17BA5 /* Category.swift */ = {isa = PBXFileReference; lastKnownFileType = sourcecode.swift; path = Category.swift; sourceTree = "<group>"; };
		F01D35F51DA4E6AC169BE897 /* Pods-Todoey.debug.xcconfig */ = {isa = PBXFileReference; includeInIndex = 1; lastKnownFileType = text.xcconfig; name = "Pods-Todoey.debug.xcconfig"; path = "Target Support Files/Pods-Todoey/Pods-Todoey.debug.xcconfig"; sourceTree = "<group>"; };
/* End PBXFileReference section */

/* Begin PBXFrameworksBuildPhase section */
		A03439E42414B1B400F242D3 /* Frameworks */ = {
			isa = PBXFrameworksBuildPhase;
			buildActionMask = 2147483647;
			files = (
				247C1E06E981BFED67693C87 /* Pods_Todoey.framework in Frameworks */,
			);
			runOnlyForDeploymentPostprocessing = 0;
		};
/* End PBXFrameworksBuildPhase section */

/* Begin PBXGroup section */
		5E511B3E3BB9DE124374BC2D /* Pods */ = {
			isa = PBXGroup;
			children = (
				F01D35F51DA4E6AC169BE897 /* Pods-Todoey.debug.xcconfig */,
				4AE337ABBFA898AD09161262 /* Pods-Todoey.release.xcconfig */,
			);
			path = Pods;
			sourceTree = "<group>";
		};
		95308C9AB76DC92AB6DC5DB9 /* Frameworks */ = {
			isa = PBXGroup;
			children = (
				3B5405E450883A657A6164B9 /* Pods_Todoey.framework */,
			);
			name = Frameworks;
			sourceTree = "<group>";
		};
		A0043E8724246AF40031118F /* Controllers */ = {
			isa = PBXGroup;
			children = (
				A02B7D6A2428E3DB004512C3 /* CategoryViewController.swift */,
				A03439EE2414B1B400F242D3 /* TodoListViewController.swift */,
			);
			path = Controllers;
			sourceTree = "<group>";
		};
		A0043E8A24246B2D0031118F /* Data Model */ = {
			isa = PBXGroup;
			children = (
				A097E0AA2437799B00B17BA5 /* Item.swift */,
				A097E0AC243779A500B17BA5 /* Category.swift */,
			);
			path = "Data Model";
			sourceTree = "<group>";
		};
		A0043E8B24246B530031118F /* Views */ = {
			isa = PBXGroup;
			children = (
				A03439F02414B1B400F242D3 /* Main.storyboard */,
			);
			path = Views;
			sourceTree = "<group>";
		};
		A0043E8C24246B660031118F /* Supporting Files */ = {
			isa = PBXGroup;
			children = (
				A03439F32414B1B600F242D3 /* Assets.xcassets */,
				A03439F52414B1B600F242D3 /* LaunchScreen.storyboard */,
			);
			path = "Supporting Files";
			sourceTree = "<group>";
		};
		A03439DE2414B1B400F242D3 = {
			isa = PBXGroup;
			children = (
				A03439E92414B1B400F242D3 /* Todoey */,
				A03439E82414B1B400F242D3 /* Products */,
				5E511B3E3BB9DE124374BC2D /* Pods */,
				95308C9AB76DC92AB6DC5DB9 /* Frameworks */,
			);
			sourceTree = "<group>";
		};
		A03439E82414B1B400F242D3 /* Products */ = {
			isa = PBXGroup;
			children = (
				A03439E72414B1B400F242D3 /* Todoey.app */,
			);
			name = Products;
			sourceTree = "<group>";
		};
		A03439E92414B1B400F242D3 /* Todoey */ = {
			isa = PBXGroup;
			children = (
				A03439EA2414B1B400F242D3 /* AppDelegate.swift */,
				A03439EC2414B1B400F242D3 /* SceneDelegate.swift */,
				A0043E8724246AF40031118F /* Controllers */,
				A0043E8A24246B2D0031118F /* Data Model */,
				A0043E8B24246B530031118F /* Views */,
				A0043E8C24246B660031118F /* Supporting Files */,
				A03439F82414B1B600F242D3 /* Info.plist */,
			);
			path = Todoey;
			sourceTree = "<group>";
		};
/* End PBXGroup section */

/* Begin PBXNativeTarget section */
		A03439E62414B1B400F242D3 /* Todoey */ = {
			isa = PBXNativeTarget;
			buildConfigurationList = A03439FB2414B1B600F242D3 /* Build configuration list for PBXNativeTarget "Todoey" */;
			buildPhases = (
				20231B0F29F71812782EA1DD /* [CP] Check Pods Manifest.lock */,
				A03439E32414B1B400F242D3 /* Sources */,
				A03439E42414B1B400F242D3 /* Frameworks */,
				A03439E52414B1B400F242D3 /* Resources */,
				0A4503BC9262DCC1332992DE /* [CP] Embed Pods Frameworks */,
			);
			buildRules = (
			);
			dependencies = (
			);
			name = Todoey;
			productName = Todoey;
			productReference = A03439E72414B1B400F242D3 /* Todoey.app */;
			productType = "com.apple.product-type.application";
		};
/* End PBXNativeTarget section */

/* Begin PBXProject section */
		A03439DF2414B1B400F242D3 /* Project object */ = {
			isa = PBXProject;
			attributes = {
				LastSwiftUpdateCheck = 1130;
				LastUpgradeCheck = 1130;
				ORGANIZATIONNAME = "MOHIT SHARMA";
				TargetAttributes = {
					A03439E62414B1B400F242D3 = {
						CreatedOnToolsVersion = 11.3.1;
					};
				};
			};
			buildConfigurationList = A03439E22414B1B400F242D3 /* Build configuration list for PBXProject "Todoey" */;
			compatibilityVersion = "Xcode 9.3";
			developmentRegion = en;
			hasScannedForEncodings = 0;
			knownRegions = (
				en,
				Base,
			);
			mainGroup = A03439DE2414B1B400F242D3;
			productRefGroup = A03439E82414B1B400F242D3 /* Products */;
			projectDirPath = "";
			projectRoot = "";
			targets = (
				A03439E62414B1B400F242D3 /* Todoey */,
			);
		};
/* End PBXProject section */

/* Begin PBXResourcesBuildPhase section */
		A03439E52414B1B400F242D3 /* Resources */ = {
			isa = PBXResourcesBuildPhase;
			buildActionMask = 2147483647;
			files = (
				A03439F72414B1B600F242D3 /* LaunchScreen.storyboard in Resources */,
				A03439F42414B1B600F242D3 /* Assets.xcassets in Resources */,
				A03439F22414B1B400F242D3 /* Main.storyboard in Resources */,
			);
			runOnlyForDeploymentPostprocessing = 0;
		};
/* End PBXResourcesBuildPhase section */

/* Begin PBXShellScriptBuildPhase section */
		0A4503BC9262DCC1332992DE /* [CP] Embed Pods Frameworks */ = {
			isa = PBXShellScriptBuildPhase;
			buildActionMask = 2147483647;
			files = (
			);
			inputFileListPaths = (
				"${PODS_ROOT}/Target Support Files/Pods-Todoey/Pods-Todoey-frameworks-${CONFIGURATION}-input-files.xcfilelist",
			);
			name = "[CP] Embed Pods Frameworks";
			outputFileListPaths = (
				"${PODS_ROOT}/Target Support Files/Pods-Todoey/Pods-Todoey-frameworks-${CONFIGURATION}-output-files.xcfilelist",
			);
			runOnlyForDeploymentPostprocessing = 0;
			shellPath = /bin/sh;
			shellScript = "\"${PODS_ROOT}/Target Support Files/Pods-Todoey/Pods-Todoey-frameworks.sh\"\n";
			showEnvVarsInLog = 0;
		};
		20231B0F29F71812782EA1DD /* [CP] Check Pods Manifest.lock */ = {
			isa = PBXShellScriptBuildPhase;
			buildActionMask = 2147483647;
			files = (
			);
			inputFileListPaths = (
			);
			inputPaths = (
				"${PODS_PODFILE_DIR_PATH}/Podfile.lock",
				"${PODS_ROOT}/Manifest.lock",
			);
			name = "[CP] Check Pods Manifest.lock";
			outputFileListPaths = (
			);
			outputPaths = (
				"$(DERIVED_FILE_DIR)/Pods-Todoey-checkManifestLockResult.txt",
			);
			runOnlyForDeploymentPostprocessing = 0;
			shellPath = /bin/sh;
			shellScript = "diff \"${PODS_PODFILE_DIR_PATH}/Podfile.lock\" \"${PODS_ROOT}/Manifest.lock\" > /dev/null\nif [ $? != 0 ] ; then\n    # print error to STDERR\n    echo \"error: The sandbox is not in sync with the Podfile.lock. Run 'pod install' or update your CocoaPods installation.\" >&2\n    exit 1\nfi\n# This output is used by Xcode 'outputs' to avoid re-running this script phase.\necho \"SUCCESS\" > \"${SCRIPT_OUTPUT_FILE_0}\"\n";
			showEnvVarsInLog = 0;
		};
/* End PBXShellScriptBuildPhase section */

/* Begin PBXSourcesBuildPhase section */
		A03439E32414B1B400F242D3 /* Sources */ = {
			isa = PBXSourcesBuildPhase;
			buildActionMask = 2147483647;
			files = (
				A02B7D6B2428E3DB004512C3 /* CategoryViewController.swift in Sources */,
				A03439EF2414B1B400F242D3 /* TodoListViewController.swift in Sources */,
				A03439EB2414B1B400F242D3 /* AppDelegate.swift in Sources */,
				A097E0AB2437799B00B17BA5 /* Item.swift in Sources */,
				A03439ED2414B1B400F242D3 /* SceneDelegate.swift in Sources */,
				A097E0AD243779A500B17BA5 /* Category.swift in Sources */,
			);
			runOnlyForDeploymentPostprocessing = 0;
		};
/* End PBXSourcesBuildPhase section */

/* Begin PBXVariantGroup section */
		A03439F02414B1B400F242D3 /* Main.storyboard */ = {
			isa = PBXVariantGroup;
			children = (
				A03439F12414B1B400F242D3 /* Base */,
			);
			name = Main.storyboard;
			sourceTree = "<group>";
		};
		A03439F52414B1B600F242D3 /* LaunchScreen.storyboard */ = {
			isa = PBXVariantGroup;
			children = (
				A03439F62414B1B600F242D3 /* Base */,
			);
			name = LaunchScreen.storyboard;
			sourceTree = "<group>";
		};
/* End PBXVariantGroup section */

/* Begin XCBuildConfiguration section */
		A03439F92414B1B600F242D3 /* Debug */ = {
			isa = XCBuildConfiguration;
			buildSettings = {
				ALWAYS_SEARCH_USER_PATHS = NO;
				CLANG_ANALYZER_NONNULL = YES;
				CLANG_ANALYZER_NUMBER_OBJECT_CONVERSION = YES_AGGRESSIVE;
				CLANG_CXX_LANGUAGE_STANDARD = "gnu++14";
				CLANG_CXX_LIBRARY = "libc++";
				CLANG_ENABLE_MODULES = YES;
				CLANG_ENABLE_OBJC_ARC = YES;
				CLANG_ENABLE_OBJC_WEAK = YES;
				CLANG_WARN_BLOCK_CAPTURE_AUTORELEASING = YES;
				CLANG_WARN_BOOL_CONVERSION = YES;
				CLANG_WARN_COMMA = YES;
				CLANG_WARN_CONSTANT_CONVERSION = YES;
				CLANG_WARN_DEPRECATED_OBJC_IMPLEMENTATIONS = YES;
				CLANG_WARN_DIRECT_OBJC_ISA_USAGE = YES_ERROR;
				CLANG_WARN_DOCUMENTATION_COMMENTS = YES;
				CLANG_WARN_EMPTY_BODY = YES;
				CLANG_WARN_ENUM_CONVERSION = YES;
				CLANG_WARN_INFINITE_RECURSION = YES;
				CLANG_WARN_INT_CONVERSION = YES;
				CLANG_WARN_NON_LITERAL_NULL_CONVERSION = YES;
				CLANG_WARN_OBJC_IMPLICIT_RETAIN_SELF = YES;
				CLANG_WARN_OBJC_LITERAL_CONVERSION = YES;
				CLANG_WARN_OBJC_ROOT_CLASS = YES_ERROR;
				CLANG_WARN_RANGE_LOOP_ANALYSIS = YES;
				CLANG_WARN_STRICT_PROTOTYPES = YES;
				CLANG_WARN_SUSPICIOUS_MOVE = YES;
				CLANG_WARN_UNGUARDED_AVAILABILITY = YES_AGGRESSIVE;
				CLANG_WARN_UNREACHABLE_CODE = YES;
				CLANG_WARN__DUPLICATE_METHOD_MATCH = YES;
				COPY_PHASE_STRIP = NO;
				DEBUG_INFORMATION_FORMAT = dwarf;
				ENABLE_STRICT_OBJC_MSGSEND = YES;
				ENABLE_TESTABILITY = YES;
				GCC_C_LANGUAGE_STANDARD = gnu11;
				GCC_DYNAMIC_NO_PIC = NO;
				GCC_NO_COMMON_BLOCKS = YES;
				GCC_OPTIMIZATION_LEVEL = 0;
				GCC_PREPROCESSOR_DEFINITIONS = (
					"DEBUG=1",
					"$(inherited)",
				);
				GCC_WARN_64_TO_32_BIT_CONVERSION = YES;
				GCC_WARN_ABOUT_RETURN_TYPE = YES_ERROR;
				GCC_WARN_UNDECLARED_SELECTOR = YES;
				GCC_WARN_UNINITIALIZED_AUTOS = YES_AGGRESSIVE;
				GCC_WARN_UNUSED_FUNCTION = YES;
				GCC_WARN_UNUSED_VARIABLE = YES;
				IPHONEOS_DEPLOYMENT_TARGET = 13.2;
				MTL_ENABLE_DEBUG_INFO = INCLUDE_SOURCE;
				MTL_FAST_MATH = YES;
				ONLY_ACTIVE_ARCH = YES;
				SDKROOT = iphoneos;
				SWIFT_ACTIVE_COMPILATION_CONDITIONS = DEBUG;
				SWIFT_OPTIMIZATION_LEVEL = "-Onone";
			};
			name = Debug;
		};
		A03439FA2414B1B600F242D3 /* Release */ = {
			isa = XCBuildConfiguration;
			buildSettings = {
				ALWAYS_SEARCH_USER_PATHS = NO;
				CLANG_ANALYZER_NONNULL = YES;
				CLANG_ANALYZER_NUMBER_OBJECT_CONVERSION = YES_AGGRESSIVE;
				CLANG_CXX_LANGUAGE_STANDARD = "gnu++14";
				CLANG_CXX_LIBRARY = "libc++";
				CLANG_ENABLE_MODULES = YES;
				CLANG_ENABLE_OBJC_ARC = YES;
				CLANG_ENABLE_OBJC_WEAK = YES;
				CLANG_WARN_BLOCK_CAPTURE_AUTORELEASING = YES;
				CLANG_WARN_BOOL_CONVERSION = YES;
				CLANG_WARN_COMMA = YES;
				CLANG_WARN_CONSTANT_CONVERSION = YES;
				CLANG_WARN_DEPRECATED_OBJC_IMPLEMENTATIONS = YES;
				CLANG_WARN_DIRECT_OBJC_ISA_USAGE = YES_ERROR;
				CLANG_WARN_DOCUMENTATION_COMMENTS = YES;
				CLANG_WARN_EMPTY_BODY = YES;
				CLANG_WARN_ENUM_CONVERSION = YES;
				CLANG_WARN_INFINITE_RECURSION = YES;
				CLANG_WARN_INT_CONVERSION = YES;
				CLANG_WARN_NON_LITERAL_NULL_CONVERSION = YES;
				CLANG_WARN_OBJC_IMPLICIT_RETAIN_SELF = YES;
				CLANG_WARN_OBJC_LITERAL_CONVERSION = YES;
				CLANG_WARN_OBJC_ROOT_CLASS = YES_ERROR;
				CLANG_WARN_RANGE_LOOP_ANALYSIS = YES;
				CLANG_WARN_STRICT_PROTOTYPES = YES;
				CLANG_WARN_SUSPICIOUS_MOVE = YES;
				CLANG_WARN_UNGUARDED_AVAILABILITY = YES_AGGRESSIVE;
				CLANG_WARN_UNREACHABLE_CODE = YES;
				CLANG_WARN__DUPLICATE_METHOD_MATCH = YES;
				COPY_PHASE_STRIP = NO;
				DEBUG_INFORMATION_FORMAT = "dwarf-with-dsym";
				ENABLE_NS_ASSERTIONS = NO;
				ENABLE_STRICT_OBJC_MSGSEND = YES;
				GCC_C_LANGUAGE_STANDARD = gnu11;
				GCC_NO_COMMON_BLOCKS = YES;
				GCC_WARN_64_TO_32_BIT_CONVERSION = YES;
				GCC_WARN_ABOUT_RETURN_TYPE = YES_ERROR;
				GCC_WARN_UNDECLARED_SELECTOR = YES;
				GCC_WARN_UNINITIALIZED_AUTOS = YES_AGGRESSIVE;
				GCC_WARN_UNUSED_FUNCTION = YES;
				GCC_WARN_UNUSED_VARIABLE = YES;
				IPHONEOS_DEPLOYMENT_TARGET = 13.2;
				MTL_ENABLE_DEBUG_INFO = NO;
				MTL_FAST_MATH = YES;
				SDKROOT = iphoneos;
				SWIFT_COMPILATION_MODE = wholemodule;
				SWIFT_OPTIMIZATION_LEVEL = "-O";
				VALIDATE_PRODUCT = YES;
			};
			name = Release;
		};
		A03439FC2414B1B600F242D3 /* Debug */ = {
			isa = XCBuildConfiguration;
			baseConfigurationReference = F01D35F51DA4E6AC169BE897 /* Pods-Todoey.debug.xcconfig */;
			buildSettings = {
				ASSETCATALOG_COMPILER_APPICON_NAME = AppIcon;
				CODE_SIGN_STYLE = Automatic;
				DEVELOPMENT_TEAM = 7B32GQ2M35;
				INFOPLIST_FILE = Todoey/Info.plist;
				LD_RUNPATH_SEARCH_PATHS = (
					"$(inherited)",
					"@executable_path/Frameworks",
				);
				PRODUCT_BUNDLE_IDENTIFIER = lightCode.Todoey;
				PRODUCT_NAME = "$(TARGET_NAME)";
				SWIFT_VERSION = 5.0;
				TARGETED_DEVICE_FAMILY = "1,2";
			};
			name = Debug;
		};
		A03439FD2414B1B600F242D3 /* Release */ = {
			isa = XCBuildConfiguration;
			baseConfigurationReference = 4AE337ABBFA898AD09161262 /* Pods-Todoey.release.xcconfig */;
			buildSettings = {
				ASSETCATALOG_COMPILER_APPICON_NAME = AppIcon;
				CODE_SIGN_STYLE = Automatic;
				DEVELOPMENT_TEAM = 7B32GQ2M35;
				INFOPLIST_FILE = Todoey/Info.plist;
				LD_RUNPATH_SEARCH_PATHS = (
					"$(inherited)",
					"@executable_path/Frameworks",
				);
				PRODUCT_BUNDLE_IDENTIFIER = lightCode.Todoey;
				PRODUCT_NAME = "$(TARGET_NAME)";
				SWIFT_VERSION = 5.0;
				TARGETED_DEVICE_FAMILY = "1,2";
			};
			name = Release;
		};
/* End XCBuildConfiguration section */

/* Begin XCConfigurationList section */
		A03439E22414B1B400F242D3 /* Build configuration list for PBXProject "Todoey" */ = {
			isa = XCConfigurationList;
			buildConfigurations = (
				A03439F92414B1B600F242D3 /* Debug */,
				A03439FA2414B1B600F242D3 /* Release */,
			);
			defaultConfigurationIsVisible = 0;
			defaultConfigurationName = Release;
		};
		A03439FB2414B1B600F242D3 /* Build configuration list for PBXNativeTarget "Todoey" */ = {
			isa = XCConfigurationList;
			buildConfigurations = (
				A03439FC2414B1B600F242D3 /* Debug */,
				A03439FD2414B1B600F242D3 /* Release */,
			);
			defaultConfigurationIsVisible = 0;
			defaultConfigurationName = Release;
		};
/* End XCConfigurationList section */
	};
	rootObject = A03439DF2414B1B400F242D3 /* Project object */;
}
